// !$*UTF8*$!
{
	archiveVersion = 1;
	classes = {
	};
	objectVersion = 56;
	objects = {

/* Begin PBXBuildFile section */
		4A0F2ECB2A40C431009867D5 /* SettingViewController.swift in Sources */ = {isa = PBXBuildFile; fileRef = 4A0F2ECA2A40C431009867D5 /* SettingViewController.swift */; };
		4A19C74C2A3C34BD00E60C6D /* FirebaseAnalytics in Frameworks */ = {isa = PBXBuildFile; productRef = 4A19C74B2A3C34BD00E60C6D /* FirebaseAnalytics */; };
		4A19C74E2A3C34BD00E60C6D /* FirebaseAnalyticsOnDeviceConversion in Frameworks */ = {isa = PBXBuildFile; productRef = 4A19C74D2A3C34BD00E60C6D /* FirebaseAnalyticsOnDeviceConversion */; };
		4A19C7502A3C34BD00E60C6D /* FirebaseAnalyticsSwift in Frameworks */ = {isa = PBXBuildFile; productRef = 4A19C74F2A3C34BD00E60C6D /* FirebaseAnalyticsSwift */; };
		4A19C7522A3C34BD00E60C6D /* FirebaseAnalyticsWithoutAdIdSupport in Frameworks */ = {isa = PBXBuildFile; productRef = 4A19C7512A3C34BD00E60C6D /* FirebaseAnalyticsWithoutAdIdSupport */; };
		4A19C7542A3C34BD00E60C6D /* FirebaseAppCheck in Frameworks */ = {isa = PBXBuildFile; productRef = 4A19C7532A3C34BD00E60C6D /* FirebaseAppCheck */; };
		4A19C7562A3C34BD00E60C6D /* FirebaseAppDistribution-Beta in Frameworks */ = {isa = PBXBuildFile; productRef = 4A19C7552A3C34BD00E60C6D /* FirebaseAppDistribution-Beta */; };
		4A19C7582A3C34BD00E60C6D /* FirebaseAuth in Frameworks */ = {isa = PBXBuildFile; productRef = 4A19C7572A3C34BD00E60C6D /* FirebaseAuth */; };
		4A19C75A2A3C34BD00E60C6D /* FirebaseAuthCombine-Community in Frameworks */ = {isa = PBXBuildFile; productRef = 4A19C7592A3C34BD00E60C6D /* FirebaseAuthCombine-Community */; };
		4A19C75C2A3C34BD00E60C6D /* FirebaseCrashlytics in Frameworks */ = {isa = PBXBuildFile; productRef = 4A19C75B2A3C34BD00E60C6D /* FirebaseCrashlytics */; };
		4A19C75E2A3C34BD00E60C6D /* FirebaseDatabase in Frameworks */ = {isa = PBXBuildFile; productRef = 4A19C75D2A3C34BD00E60C6D /* FirebaseDatabase */; };
		4A19C7602A3C34BD00E60C6D /* FirebaseDatabaseSwift in Frameworks */ = {isa = PBXBuildFile; productRef = 4A19C75F2A3C34BD00E60C6D /* FirebaseDatabaseSwift */; };
		4A19C7622A3C34BD00E60C6D /* FirebaseDynamicLinks in Frameworks */ = {isa = PBXBuildFile; productRef = 4A19C7612A3C34BD00E60C6D /* FirebaseDynamicLinks */; };
		4A19C7642A3C34BD00E60C6D /* FirebaseFirestore in Frameworks */ = {isa = PBXBuildFile; productRef = 4A19C7632A3C34BD00E60C6D /* FirebaseFirestore */; };
		4A19C7662A3C34BD00E60C6D /* FirebaseFirestoreCombine-Community in Frameworks */ = {isa = PBXBuildFile; productRef = 4A19C7652A3C34BD00E60C6D /* FirebaseFirestoreCombine-Community */; };
		4A19C7682A3C34BD00E60C6D /* FirebaseFirestoreSwift in Frameworks */ = {isa = PBXBuildFile; productRef = 4A19C7672A3C34BD00E60C6D /* FirebaseFirestoreSwift */; };
		4A19C76A2A3C34BD00E60C6D /* FirebaseFunctions in Frameworks */ = {isa = PBXBuildFile; productRef = 4A19C7692A3C34BD00E60C6D /* FirebaseFunctions */; };
		4A19C76C2A3C34BD00E60C6D /* FirebaseFunctionsCombine-Community in Frameworks */ = {isa = PBXBuildFile; productRef = 4A19C76B2A3C34BD00E60C6D /* FirebaseFunctionsCombine-Community */; };
		4A19C76E2A3C34BD00E60C6D /* FirebaseInAppMessaging-Beta in Frameworks */ = {isa = PBXBuildFile; productRef = 4A19C76D2A3C34BD00E60C6D /* FirebaseInAppMessaging-Beta */; };
		4A19C7702A3C34BD00E60C6D /* FirebaseInAppMessagingSwift-Beta in Frameworks */ = {isa = PBXBuildFile; productRef = 4A19C76F2A3C34BD00E60C6D /* FirebaseInAppMessagingSwift-Beta */; };
		4A19C7722A3C34BD00E60C6D /* FirebaseInstallations in Frameworks */ = {isa = PBXBuildFile; productRef = 4A19C7712A3C34BD00E60C6D /* FirebaseInstallations */; };
		4A19C7742A3C34BD00E60C6D /* FirebaseMLModelDownloader in Frameworks */ = {isa = PBXBuildFile; productRef = 4A19C7732A3C34BD00E60C6D /* FirebaseMLModelDownloader */; };
		4A19C7762A3C34BD00E60C6D /* FirebaseMessaging in Frameworks */ = {isa = PBXBuildFile; productRef = 4A19C7752A3C34BD00E60C6D /* FirebaseMessaging */; };
		4A19C7782A3C34BD00E60C6D /* FirebasePerformance in Frameworks */ = {isa = PBXBuildFile; productRef = 4A19C7772A3C34BD00E60C6D /* FirebasePerformance */; };
		4A19C77A2A3C34BD00E60C6D /* FirebaseRemoteConfig in Frameworks */ = {isa = PBXBuildFile; productRef = 4A19C7792A3C34BD00E60C6D /* FirebaseRemoteConfig */; };
		4A19C77C2A3C34BD00E60C6D /* FirebaseRemoteConfigSwift in Frameworks */ = {isa = PBXBuildFile; productRef = 4A19C77B2A3C34BD00E60C6D /* FirebaseRemoteConfigSwift */; };
		4A19C77E2A3C34BD00E60C6D /* FirebaseStorage in Frameworks */ = {isa = PBXBuildFile; productRef = 4A19C77D2A3C34BD00E60C6D /* FirebaseStorage */; };
		4A19C7802A3C34BD00E60C6D /* FirebaseStorageCombine-Community in Frameworks */ = {isa = PBXBuildFile; productRef = 4A19C77F2A3C34BD00E60C6D /* FirebaseStorageCombine-Community */; };
		4A19C7822A3C38EB00E60C6D /* Database.swift in Sources */ = {isa = PBXBuildFile; fileRef = 4A19C7812A3C38EB00E60C6D /* Database.swift */; };
		4A19C7842A3C395000E60C6D /* DBFirebase.swift in Sources */ = {isa = PBXBuildFile; fileRef = 4A19C7832A3C395000E60C6D /* DBFirebase.swift */; };
		4A19C7862A3C399100E60C6D /* Trace.swift in Sources */ = {isa = PBXBuildFile; fileRef = 4A19C7852A3C399100E60C6D /* Trace.swift */; };
		4A19C78A2A3C3A6700E60C6D /* TraceGroup.swift in Sources */ = {isa = PBXBuildFile; fileRef = 4A19C7892A3C3A6700E60C6D /* TraceGroup.swift */; };
		4A19C78E2A3C647D00E60C6D /* TraceAddViewController.swift in Sources */ = {isa = PBXBuildFile; fileRef = 4A19C78D2A3C647D00E60C6D /* TraceAddViewController.swift */; };
		4A47BE342A3B0FF0000AB531 /* AppDelegate.swift in Sources */ = {isa = PBXBuildFile; fileRef = 4A47BE332A3B0FF0000AB531 /* AppDelegate.swift */; };
		4A47BE362A3B0FF0000AB531 /* SceneDelegate.swift in Sources */ = {isa = PBXBuildFile; fileRef = 4A47BE352A3B0FF0000AB531 /* SceneDelegate.swift */; };
		4A47BE382A3B0FF0000AB531 /* MapViewController.swift in Sources */ = {isa = PBXBuildFile; fileRef = 4A47BE372A3B0FF0000AB531 /* MapViewController.swift */; };
		4A47BE3B2A3B0FF0000AB531 /* Main.storyboard in Resources */ = {isa = PBXBuildFile; fileRef = 4A47BE392A3B0FF0000AB531 /* Main.storyboard */; };
		4A47BE3D2A3B0FF0000AB531 /* Assets.xcassets in Resources */ = {isa = PBXBuildFile; fileRef = 4A47BE3C2A3B0FF0000AB531 /* Assets.xcassets */; };
		4A47BE402A3B0FF0000AB531 /* LaunchScreen.storyboard in Resources */ = {isa = PBXBuildFile; fileRef = 4A47BE3E2A3B0FF0000AB531 /* LaunchScreen.storyboard */; };
		4A5003322A415233007A76C5 /* GoogleService-Info.plist in Resources */ = {isa = PBXBuildFile; fileRef = 4A5003312A415233007A76C5 /* GoogleService-Info.plist */; };
		4A8C0C672A3E049900A78AD5 /* ToastView.swift in Sources */ = {isa = PBXBuildFile; fileRef = 4A8C0C662A3E049900A78AD5 /* ToastView.swift */; };
		4A9E36D12A3DEB40000CEFA5 /* LoginViewController.swift in Sources */ = {isa = PBXBuildFile; fileRef = 4A9E36D02A3DEB40000CEFA5 /* LoginViewController.swift */; };
		4A9E36D32A3DFB7C000CEFA5 /* SignUpViewController.swift in Sources */ = {isa = PBXBuildFile; fileRef = 4A9E36D22A3DFB7C000CEFA5 /* SignUpViewController.swift */; };
		4ACE20752A3E423F00B512C3 /* TraceGroupViewController.swift in Sources */ = {isa = PBXBuildFile; fileRef = 4ACE20742A3E423F00B512C3 /* TraceGroupViewController.swift */; };
/* End PBXBuildFile section */

/* Begin PBXFileReference section */
		4A0F2ECA2A40C431009867D5 /* SettingViewController.swift */ = {isa = PBXFileReference; lastKnownFileType = sourcecode.swift; path = SettingViewController.swift; sourceTree = "<group>"; };
		4A19C7812A3C38EB00E60C6D /* Database.swift */ = {isa = PBXFileReference; lastKnownFileType = sourcecode.swift; path = Database.swift; sourceTree = "<group>"; };
		4A19C7832A3C395000E60C6D /* DBFirebase.swift */ = {isa = PBXFileReference; lastKnownFileType = sourcecode.swift; path = DBFirebase.swift; sourceTree = "<group>"; };
		4A19C7852A3C399100E60C6D /* Trace.swift */ = {isa = PBXFileReference; lastKnownFileType = sourcecode.swift; path = Trace.swift; sourceTree = "<group>"; };
		4A19C7892A3C3A6700E60C6D /* TraceGroup.swift */ = {isa = PBXFileReference; lastKnownFileType = sourcecode.swift; path = TraceGroup.swift; sourceTree = "<group>"; };
		4A19C78D2A3C647D00E60C6D /* TraceAddViewController.swift */ = {isa = PBXFileReference; lastKnownFileType = sourcecode.swift; path = TraceAddViewController.swift; sourceTree = "<group>"; };
		4A47BE302A3B0FF0000AB531 /* IOSProject.app */ = {isa = PBXFileReference; explicitFileType = wrapper.application; includeInIndex = 0; path = IOSProject.app; sourceTree = BUILT_PRODUCTS_DIR; };
		4A47BE332A3B0FF0000AB531 /* AppDelegate.swift */ = {isa = PBXFileReference; lastKnownFileType = sourcecode.swift; path = AppDelegate.swift; sourceTree = "<group>"; };
		4A47BE352A3B0FF0000AB531 /* SceneDelegate.swift */ = {isa = PBXFileReference; lastKnownFileType = sourcecode.swift; path = SceneDelegate.swift; sourceTree = "<group>"; };
		4A47BE372A3B0FF0000AB531 /* MapViewController.swift */ = {isa = PBXFileReference; lastKnownFileType = sourcecode.swift; path = MapViewController.swift; sourceTree = "<group>"; };
		4A47BE3A2A3B0FF0000AB531 /* Base */ = {isa = PBXFileReference; lastKnownFileType = file.storyboard; name = Base; path = Base.lproj/Main.storyboard; sourceTree = "<group>"; };
		4A47BE3C2A3B0FF0000AB531 /* Assets.xcassets */ = {isa = PBXFileReference; lastKnownFileType = folder.assetcatalog; path = Assets.xcassets; sourceTree = "<group>"; };
		4A47BE3F2A3B0FF0000AB531 /* Base */ = {isa = PBXFileReference; lastKnownFileType = file.storyboard; name = Base; path = Base.lproj/LaunchScreen.storyboard; sourceTree = "<group>"; };
		4A47BE412A3B0FF0000AB531 /* Info.plist */ = {isa = PBXFileReference; lastKnownFileType = text.plist.xml; path = Info.plist; sourceTree = "<group>"; };
		4A5003312A415233007A76C5 /* GoogleService-Info.plist */ = {isa = PBXFileReference; fileEncoding = 4; lastKnownFileType = text.plist.xml; path = "GoogleService-Info.plist"; sourceTree = "<group>"; };
		4A8C0C662A3E049900A78AD5 /* ToastView.swift */ = {isa = PBXFileReference; lastKnownFileType = sourcecode.swift; path = ToastView.swift; sourceTree = "<group>"; };
		4A9E36D02A3DEB40000CEFA5 /* LoginViewController.swift */ = {isa = PBXFileReference; lastKnownFileType = sourcecode.swift; path = LoginViewController.swift; sourceTree = "<group>"; };
		4A9E36D22A3DFB7C000CEFA5 /* SignUpViewController.swift */ = {isa = PBXFileReference; lastKnownFileType = sourcecode.swift; path = SignUpViewController.swift; sourceTree = "<group>"; };
		4ACE20742A3E423F00B512C3 /* TraceGroupViewController.swift */ = {isa = PBXFileReference; lastKnownFileType = sourcecode.swift; path = TraceGroupViewController.swift; sourceTree = "<group>"; };
/* End PBXFileReference section */

/* Begin PBXFrameworksBuildPhase section */
		4A47BE2D2A3B0FF0000AB531 /* Frameworks */ = {
			isa = PBXFrameworksBuildPhase;
			buildActionMask = 2147483647;
			files = (
				4A19C75E2A3C34BD00E60C6D /* FirebaseDatabase in Frameworks */,
				4A19C76C2A3C34BD00E60C6D /* FirebaseFunctionsCombine-Community in Frameworks */,
				4A19C7642A3C34BD00E60C6D /* FirebaseFirestore in Frameworks */,
				4A19C7502A3C34BD00E60C6D /* FirebaseAnalyticsSwift in Frameworks */,
				4A19C74C2A3C34BD00E60C6D /* FirebaseAnalytics in Frameworks */,
				4A19C74E2A3C34BD00E60C6D /* FirebaseAnalyticsOnDeviceConversion in Frameworks */,
				4A19C7742A3C34BD00E60C6D /* FirebaseMLModelDownloader in Frameworks */,
				4A19C7682A3C34BD00E60C6D /* FirebaseFirestoreSwift in Frameworks */,
				4A19C7542A3C34BD00E60C6D /* FirebaseAppCheck in Frameworks */,
				4A19C7522A3C34BD00E60C6D /* FirebaseAnalyticsWithoutAdIdSupport in Frameworks */,
				4A19C7582A3C34BD00E60C6D /* FirebaseAuth in Frameworks */,
				4A19C75C2A3C34BD00E60C6D /* FirebaseCrashlytics in Frameworks */,
				4A19C77C2A3C34BD00E60C6D /* FirebaseRemoteConfigSwift in Frameworks */,
				4A19C76E2A3C34BD00E60C6D /* FirebaseInAppMessaging-Beta in Frameworks */,
				4A19C7602A3C34BD00E60C6D /* FirebaseDatabaseSwift in Frameworks */,
				4A19C76A2A3C34BD00E60C6D /* FirebaseFunctions in Frameworks */,
				4A19C7802A3C34BD00E60C6D /* FirebaseStorageCombine-Community in Frameworks */,
				4A19C77A2A3C34BD00E60C6D /* FirebaseRemoteConfig in Frameworks */,
				4A19C7562A3C34BD00E60C6D /* FirebaseAppDistribution-Beta in Frameworks */,
				4A19C75A2A3C34BD00E60C6D /* FirebaseAuthCombine-Community in Frameworks */,
				4A19C7782A3C34BD00E60C6D /* FirebasePerformance in Frameworks */,
				4A19C7702A3C34BD00E60C6D /* FirebaseInAppMessagingSwift-Beta in Frameworks */,
				4A19C77E2A3C34BD00E60C6D /* FirebaseStorage in Frameworks */,
				4A19C7622A3C34BD00E60C6D /* FirebaseDynamicLinks in Frameworks */,
				4A19C7662A3C34BD00E60C6D /* FirebaseFirestoreCombine-Community in Frameworks */,
				4A19C7762A3C34BD00E60C6D /* FirebaseMessaging in Frameworks */,
				4A19C7722A3C34BD00E60C6D /* FirebaseInstallations in Frameworks */,
			);
			runOnlyForDeploymentPostprocessing = 0;
		};
/* End PBXFrameworksBuildPhase section */

/* Begin PBXGroup section */
		4A47BE272A3B0FF0000AB531 = {
			isa = PBXGroup;
			children = (
				4A47BE322A3B0FF0000AB531 /* IOSProject */,
				4A47BE312A3B0FF0000AB531 /* Products */,
			);
			sourceTree = "<group>";
		};
		4A47BE312A3B0FF0000AB531 /* Products */ = {
			isa = PBXGroup;
			children = (
				4A47BE302A3B0FF0000AB531 /* IOSProject.app */,
			);
			name = Products;
			sourceTree = "<group>";
		};
		4A47BE322A3B0FF0000AB531 /* IOSProject */ = {
			isa = PBXGroup;
			children = (
				4A47BE332A3B0FF0000AB531 /* AppDelegate.swift */,
				4A47BE352A3B0FF0000AB531 /* SceneDelegate.swift */,
				4A9E36D02A3DEB40000CEFA5 /* LoginViewController.swift */,
				4A9E36D22A3DFB7C000CEFA5 /* SignUpViewController.swift */,
				4A47BE372A3B0FF0000AB531 /* MapViewController.swift */,
				4A19C78D2A3C647D00E60C6D /* TraceAddViewController.swift */,
				4ACE20742A3E423F00B512C3 /* TraceGroupViewController.swift */,
				4A0F2ECA2A40C431009867D5 /* SettingViewController.swift */,
				4A19C7852A3C399100E60C6D /* Trace.swift */,
				4A19C7892A3C3A6700E60C6D /* TraceGroup.swift */,
				4A19C7812A3C38EB00E60C6D /* Database.swift */,
				4A19C7832A3C395000E60C6D /* DBFirebase.swift */,
				4A8C0C662A3E049900A78AD5 /* ToastView.swift */,
				4A47BE392A3B0FF0000AB531 /* Main.storyboard */,
				4A47BE3E2A3B0FF0000AB531 /* LaunchScreen.storyboard */,
				4A47BE3C2A3B0FF0000AB531 /* Assets.xcassets */,
				4A47BE412A3B0FF0000AB531 /* Info.plist */,
				4A5003312A415233007A76C5 /* GoogleService-Info.plist */,
			);
			path = IOSProject;
			sourceTree = "<group>";
		};
/* End PBXGroup section */

/* Begin PBXNativeTarget section */
		4A47BE2F2A3B0FF0000AB531 /* IOSProject */ = {
			isa = PBXNativeTarget;
			buildConfigurationList = 4A47BE442A3B0FF0000AB531 /* Build configuration list for PBXNativeTarget "IOSProject" */;
			buildPhases = (
				4A47BE2C2A3B0FF0000AB531 /* Sources */,
				4A47BE2D2A3B0FF0000AB531 /* Frameworks */,
				4A47BE2E2A3B0FF0000AB531 /* Resources */,
			);
			buildRules = (
			);
			dependencies = (
			);
			name = IOSProject;
			packageProductDependencies = (
				4A19C74B2A3C34BD00E60C6D /* FirebaseAnalytics */,
				4A19C74D2A3C34BD00E60C6D /* FirebaseAnalyticsOnDeviceConversion */,
				4A19C74F2A3C34BD00E60C6D /* FirebaseAnalyticsSwift */,
				4A19C7512A3C34BD00E60C6D /* FirebaseAnalyticsWithoutAdIdSupport */,
				4A19C7532A3C34BD00E60C6D /* FirebaseAppCheck */,
				4A19C7552A3C34BD00E60C6D /* FirebaseAppDistribution-Beta */,
				4A19C7572A3C34BD00E60C6D /* FirebaseAuth */,
				4A19C7592A3C34BD00E60C6D /* FirebaseAuthCombine-Community */,
				4A19C75B2A3C34BD00E60C6D /* FirebaseCrashlytics */,
				4A19C75D2A3C34BD00E60C6D /* FirebaseDatabase */,
				4A19C75F2A3C34BD00E60C6D /* FirebaseDatabaseSwift */,
				4A19C7612A3C34BD00E60C6D /* FirebaseDynamicLinks */,
				4A19C7632A3C34BD00E60C6D /* FirebaseFirestore */,
				4A19C7652A3C34BD00E60C6D /* FirebaseFirestoreCombine-Community */,
				4A19C7672A3C34BD00E60C6D /* FirebaseFirestoreSwift */,
				4A19C7692A3C34BD00E60C6D /* FirebaseFunctions */,
				4A19C76B2A3C34BD00E60C6D /* FirebaseFunctionsCombine-Community */,
				4A19C76D2A3C34BD00E60C6D /* FirebaseInAppMessaging-Beta */,
				4A19C76F2A3C34BD00E60C6D /* FirebaseInAppMessagingSwift-Beta */,
				4A19C7712A3C34BD00E60C6D /* FirebaseInstallations */,
				4A19C7732A3C34BD00E60C6D /* FirebaseMLModelDownloader */,
				4A19C7752A3C34BD00E60C6D /* FirebaseMessaging */,
				4A19C7772A3C34BD00E60C6D /* FirebasePerformance */,
				4A19C7792A3C34BD00E60C6D /* FirebaseRemoteConfig */,
				4A19C77B2A3C34BD00E60C6D /* FirebaseRemoteConfigSwift */,
				4A19C77D2A3C34BD00E60C6D /* FirebaseStorage */,
				4A19C77F2A3C34BD00E60C6D /* FirebaseStorageCombine-Community */,
			);
			productName = IOSProject;
			productReference = 4A47BE302A3B0FF0000AB531 /* IOSProject.app */;
			productType = "com.apple.product-type.application";
		};
/* End PBXNativeTarget section */

/* Begin PBXProject section */
		4A47BE282A3B0FF0000AB531 /* Project object */ = {
			isa = PBXProject;
			attributes = {
				BuildIndependentTargetsInParallel = 1;
				LastSwiftUpdateCheck = 1420;
				LastUpgradeCheck = 1420;
				TargetAttributes = {
					4A47BE2F2A3B0FF0000AB531 = {
						CreatedOnToolsVersion = 14.2;
					};
				};
			};
			buildConfigurationList = 4A47BE2B2A3B0FF0000AB531 /* Build configuration list for PBXProject "IOSProject" */;
			compatibilityVersion = "Xcode 14.0";
			developmentRegion = en;
			hasScannedForEncodings = 0;
			knownRegions = (
				en,
				Base,
			);
			mainGroup = 4A47BE272A3B0FF0000AB531;
			packageReferences = (
				4A19C74A2A3C34BD00E60C6D /* XCRemoteSwiftPackageReference "firebase-ios-sdk" */,
			);
			productRefGroup = 4A47BE312A3B0FF0000AB531 /* Products */;
			projectDirPath = "";
			projectRoot = "";
			targets = (
				4A47BE2F2A3B0FF0000AB531 /* IOSProject */,
			);
		};
/* End PBXProject section */

/* Begin PBXResourcesBuildPhase section */
		4A47BE2E2A3B0FF0000AB531 /* Resources */ = {
			isa = PBXResourcesBuildPhase;
			buildActionMask = 2147483647;
			files = (
				4A5003322A415233007A76C5 /* GoogleService-Info.plist in Resources */,
				4A47BE402A3B0FF0000AB531 /* LaunchScreen.storyboard in Resources */,
				4A47BE3D2A3B0FF0000AB531 /* Assets.xcassets in Resources */,
				4A47BE3B2A3B0FF0000AB531 /* Main.storyboard in Resources */,
			);
			runOnlyForDeploymentPostprocessing = 0;
		};
/* End PBXResourcesBuildPhase section */

/* Begin PBXSourcesBuildPhase section */
		4A47BE2C2A3B0FF0000AB531 /* Sources */ = {
			isa = PBXSourcesBuildPhase;
			buildActionMask = 2147483647;
			files = (
				4A9E36D32A3DFB7C000CEFA5 /* SignUpViewController.swift in Sources */,
				4A19C7842A3C395000E60C6D /* DBFirebase.swift in Sources */,
				4A47BE382A3B0FF0000AB531 /* MapViewController.swift in Sources */,
				4A0F2ECB2A40C431009867D5 /* SettingViewController.swift in Sources */,
				4A8C0C672A3E049900A78AD5 /* ToastView.swift in Sources */,
				4ACE20752A3E423F00B512C3 /* TraceGroupViewController.swift in Sources */,
				4A19C78E2A3C647D00E60C6D /* TraceAddViewController.swift in Sources */,
				4A47BE342A3B0FF0000AB531 /* AppDelegate.swift in Sources */,
				4A19C7822A3C38EB00E60C6D /* Database.swift in Sources */,
				4A47BE362A3B0FF0000AB531 /* SceneDelegate.swift in Sources */,
				4A19C7862A3C399100E60C6D /* Trace.swift in Sources */,
				4A9E36D12A3DEB40000CEFA5 /* LoginViewController.swift in Sources */,
				4A19C78A2A3C3A6700E60C6D /* TraceGroup.swift in Sources */,
			);
			runOnlyForDeploymentPostprocessing = 0;
		};
/* End PBXSourcesBuildPhase section */

/* Begin PBXVariantGroup section */
		4A47BE392A3B0FF0000AB531 /* Main.storyboard */ = {
			isa = PBXVariantGroup;
			children = (
				4A47BE3A2A3B0FF0000AB531 /* Base */,
			);
			name = Main.storyboard;
			sourceTree = "<group>";
		};
		4A47BE3E2A3B0FF0000AB531 /* LaunchScreen.storyboard */ = {
			isa = PBXVariantGroup;
			children = (
				4A47BE3F2A3B0FF0000AB531 /* Base */,
			);
			name = LaunchScreen.storyboard;
			sourceTree = "<group>";
		};
/* End PBXVariantGroup section */

/* Begin XCBuildConfiguration section */
		4A47BE422A3B0FF0000AB531 /* Debug */ = {
			isa = XCBuildConfiguration;
			buildSettings = {
				ALWAYS_SEARCH_USER_PATHS = NO;
				CLANG_ANALYZER_NONNULL = YES;
				CLANG_ANALYZER_NUMBER_OBJECT_CONVERSION = YES_AGGRESSIVE;
				CLANG_CXX_LANGUAGE_STANDARD = "gnu++20";
				CLANG_ENABLE_MODULES = YES;
				CLANG_ENABLE_OBJC_ARC = YES;
				CLANG_ENABLE_OBJC_WEAK = YES;
				CLANG_WARN_BLOCK_CAPTURE_AUTORELEASING = YES;
				CLANG_WARN_BOOL_CONVERSION = YES;
				CLANG_WARN_COMMA = YES;
				CLANG_WARN_CONSTANT_CONVERSION = YES;
				CLANG_WARN_DEPRECATED_OBJC_IMPLEMENTATIONS = YES;
				CLANG_WARN_DIRECT_OBJC_ISA_USAGE = YES_ERROR;
				CLANG_WARN_DOCUMENTATION_COMMENTS = YES;
				CLANG_WARN_EMPTY_BODY = YES;
				CLANG_WARN_ENUM_CONVERSION = YES;
				CLANG_WARN_INFINITE_RECURSION = YES;
				CLANG_WARN_INT_CONVERSION = YES;
				CLANG_WARN_NON_LITERAL_NULL_CONVERSION = YES;
				CLANG_WARN_OBJC_IMPLICIT_RETAIN_SELF = YES;
				CLANG_WARN_OBJC_LITERAL_CONVERSION = YES;
				CLANG_WARN_OBJC_ROOT_CLASS = YES_ERROR;
				CLANG_WARN_QUOTED_INCLUDE_IN_FRAMEWORK_HEADER = YES;
				CLANG_WARN_RANGE_LOOP_ANALYSIS = YES;
				CLANG_WARN_STRICT_PROTOTYPES = YES;
				CLANG_WARN_SUSPICIOUS_MOVE = YES;
				CLANG_WARN_UNGUARDED_AVAILABILITY = YES_AGGRESSIVE;
				CLANG_WARN_UNREACHABLE_CODE = YES;
				CLANG_WARN__DUPLICATE_METHOD_MATCH = YES;
				COPY_PHASE_STRIP = NO;
				DEBUG_INFORMATION_FORMAT = dwarf;
				ENABLE_STRICT_OBJC_MSGSEND = YES;
				ENABLE_TESTABILITY = YES;
				GCC_C_LANGUAGE_STANDARD = gnu11;
				GCC_DYNAMIC_NO_PIC = NO;
				GCC_NO_COMMON_BLOCKS = YES;
				GCC_OPTIMIZATION_LEVEL = 0;
				GCC_PREPROCESSOR_DEFINITIONS = (
					"DEBUG=1",
					"$(inherited)",
				);
				GCC_WARN_64_TO_32_BIT_CONVERSION = YES;
				GCC_WARN_ABOUT_RETURN_TYPE = YES_ERROR;
				GCC_WARN_UNDECLARED_SELECTOR = YES;
				GCC_WARN_UNINITIALIZED_AUTOS = YES_AGGRESSIVE;
				GCC_WARN_UNUSED_FUNCTION = YES;
				GCC_WARN_UNUSED_VARIABLE = YES;
				IPHONEOS_DEPLOYMENT_TARGET = 16.2;
				MTL_ENABLE_DEBUG_INFO = INCLUDE_SOURCE;
				MTL_FAST_MATH = YES;
				ONLY_ACTIVE_ARCH = YES;
				SDKROOT = iphoneos;
				SWIFT_ACTIVE_COMPILATION_CONDITIONS = DEBUG;
				SWIFT_OPTIMIZATION_LEVEL = "-Onone";
			};
			name = Debug;
		};
		4A47BE432A3B0FF0000AB531 /* Release */ = {
			isa = XCBuildConfiguration;
			buildSettings = {
				ALWAYS_SEARCH_USER_PATHS = NO;
				CLANG_ANALYZER_NONNULL = YES;
				CLANG_ANALYZER_NUMBER_OBJECT_CONVERSION = YES_AGGRESSIVE;
				CLANG_CXX_LANGUAGE_STANDARD = "gnu++20";
				CLANG_ENABLE_MODULES = YES;
				CLANG_ENABLE_OBJC_ARC = YES;
				CLANG_ENABLE_OBJC_WEAK = YES;
				CLANG_WARN_BLOCK_CAPTURE_AUTORELEASING = YES;
				CLANG_WARN_BOOL_CONVERSION = YES;
				CLANG_WARN_COMMA = YES;
				CLANG_WARN_CONSTANT_CONVERSION = YES;
				CLANG_WARN_DEPRECATED_OBJC_IMPLEMENTATIONS = YES;
				CLANG_WARN_DIRECT_OBJC_ISA_USAGE = YES_ERROR;
				CLANG_WARN_DOCUMENTATION_COMMENTS = YES;
				CLANG_WARN_EMPTY_BODY = YES;
				CLANG_WARN_ENUM_CONVERSION = YES;
				CLANG_WARN_INFINITE_RECURSION = YES;
				CLANG_WARN_INT_CONVERSION = YES;
				CLANG_WARN_NON_LITERAL_NULL_CONVERSION = YES;
				CLANG_WARN_OBJC_IMPLICIT_RETAIN_SELF = YES;
				CLANG_WARN_OBJC_LITERAL_CONVERSION = YES;
				CLANG_WARN_OBJC_ROOT_CLASS = YES_ERROR;
				CLANG_WARN_QUOTED_INCLUDE_IN_FRAMEWORK_HEADER = YES;
				CLANG_WARN_RANGE_LOOP_ANALYSIS = YES;
				CLANG_WARN_STRICT_PROTOTYPES = YES;
				CLANG_WARN_SUSPICIOUS_MOVE = YES;
				CLANG_WARN_UNGUARDED_AVAILABILITY = YES_AGGRESSIVE;
				CLANG_WARN_UNREACHABLE_CODE = YES;
				CLANG_WARN__DUPLICATE_METHOD_MATCH = YES;
				COPY_PHASE_STRIP = NO;
				DEBUG_INFORMATION_FORMAT = "dwarf-with-dsym";
				ENABLE_NS_ASSERTIONS = NO;
				ENABLE_STRICT_OBJC_MSGSEND = YES;
				GCC_C_LANGUAGE_STANDARD = gnu11;
				GCC_NO_COMMON_BLOCKS = YES;
				GCC_WARN_64_TO_32_BIT_CONVERSION = YES;
				GCC_WARN_ABOUT_RETURN_TYPE = YES_ERROR;
				GCC_WARN_UNDECLARED_SELECTOR = YES;
				GCC_WARN_UNINITIALIZED_AUTOS = YES_AGGRESSIVE;
				GCC_WARN_UNUSED_FUNCTION = YES;
				GCC_WARN_UNUSED_VARIABLE = YES;
				IPHONEOS_DEPLOYMENT_TARGET = 16.2;
				MTL_ENABLE_DEBUG_INFO = NO;
				MTL_FAST_MATH = YES;
				SDKROOT = iphoneos;
				SWIFT_COMPILATION_MODE = wholemodule;
				SWIFT_OPTIMIZATION_LEVEL = "-O";
				VALIDATE_PRODUCT = YES;
			};
			name = Release;
		};
		4A47BE452A3B0FF0000AB531 /* Debug */ = {
			isa = XCBuildConfiguration;
			buildSettings = {
				ASSETCATALOG_COMPILER_APPICON_NAME = AppIcon;
				ASSETCATALOG_COMPILER_GLOBAL_ACCENT_COLOR_NAME = AccentColor;
				CODE_SIGN_STYLE = Automatic;
				CURRENT_PROJECT_VERSION = 1;
				DEVELOPMENT_TEAM = CCW29QVNZS;
				GENERATE_INFOPLIST_FILE = YES;
				INFOPLIST_FILE = IOSProject/Info.plist;
				INFOPLIST_KEY_UIApplicationSupportsIndirectInputEvents = YES;
				INFOPLIST_KEY_UILaunchStoryboardName = LaunchScreen;
				INFOPLIST_KEY_UIMainStoryboardFile = Main;
				INFOPLIST_KEY_UISupportedInterfaceOrientations_iPad = "UIInterfaceOrientationPortrait UIInterfaceOrientationPortraitUpsideDown UIInterfaceOrientationLandscapeLeft UIInterfaceOrientationLandscapeRight";
				INFOPLIST_KEY_UISupportedInterfaceOrientations_iPhone = "UIInterfaceOrientationPortrait UIInterfaceOrientationLandscapeLeft UIInterfaceOrientationLandscapeRight";
				IPHONEOS_DEPLOYMENT_TARGET = 15.0;
				LD_RUNPATH_SEARCH_PATHS = (
					"$(inherited)",
					"@executable_path/Frameworks",
				);
				MARKETING_VERSION = 1.0;
				PRODUCT_BUNDLE_IDENTIFIER = "Kyung-Mi.IOSProject";
				PRODUCT_NAME = "$(TARGET_NAME)";
				SWIFT_EMIT_LOC_STRINGS = YES;
				SWIFT_VERSION = 5.0;
				TARGETED_DEVICE_FAMILY = "1,2";
			};
			name = Debug;
		};
		4A47BE462A3B0FF0000AB531 /* Release */ = {
			isa = XCBuildConfiguration;
			buildSettings = {
				ASSETCATALOG_COMPILER_APPICON_NAME = AppIcon;
				ASSETCATALOG_COMPILER_GLOBAL_ACCENT_COLOR_NAME = AccentColor;
				CODE_SIGN_STYLE = Automatic;
				CURRENT_PROJECT_VERSION = 1;
				DEVELOPMENT_TEAM = CCW29QVNZS;
				GENERATE_INFOPLIST_FILE = YES;
				INFOPLIST_FILE = IOSProject/Info.plist;
				INFOPLIST_KEY_UIApplicationSupportsIndirectInputEvents = YES;
				INFOPLIST_KEY_UILaunchStoryboardName = LaunchScreen;
				INFOPLIST_KEY_UIMainStoryboardFile = Main;
				INFOPLIST_KEY_UISupportedInterfaceOrientations_iPad = "UIInterfaceOrientationPortrait UIInterfaceOrientationPortraitUpsideDown UIInterfaceOrientationLandscapeLeft UIInterfaceOrientationLandscapeRight";
				INFOPLIST_KEY_UISupportedInterfaceOrientations_iPhone = "UIInterfaceOrientationPortrait UIInterfaceOrientationLandscapeLeft UIInterfaceOrientationLandscapeRight";
				IPHONEOS_DEPLOYMENT_TARGET = 15.0;
				LD_RUNPATH_SEARCH_PATHS = (
					"$(inherited)",
					"@executable_path/Frameworks",
				);
				MARKETING_VERSION = 1.0;
				PRODUCT_BUNDLE_IDENTIFIER = "Kyung-Mi.IOSProject";
				PRODUCT_NAME = "$(TARGET_NAME)";
				SWIFT_EMIT_LOC_STRINGS = YES;
				SWIFT_VERSION = 5.0;
				TARGETED_DEVICE_FAMILY = "1,2";
			};
			name = Release;
		};
/* End XCBuildConfiguration section */

/* Begin XCConfigurationList section */
		4A47BE2B2A3B0FF0000AB531 /* Build configuration list for PBXProject "IOSProject" */ = {
			isa = XCConfigurationList;
			buildConfigurations = (
				4A47BE422A3B0FF0000AB531 /* Debug */,
				4A47BE432A3B0FF0000AB531 /* Release */,
			);
			defaultConfigurationIsVisible = 0;
			defaultConfigurationName = Release;
		};
		4A47BE442A3B0FF0000AB531 /* Build configuration list for PBXNativeTarget "IOSProject" */ = {
			isa = XCConfigurationList;
			buildConfigurations = (
				4A47BE452A3B0FF0000AB531 /* Debug */,
				4A47BE462A3B0FF0000AB531 /* Release */,
			);
			defaultConfigurationIsVisible = 0;
			defaultConfigurationName = Release;
		};
/* End XCConfigurationList section */

/* Begin XCRemoteSwiftPackageReference section */
		4A19C74A2A3C34BD00E60C6D /* XCRemoteSwiftPackageReference "firebase-ios-sdk" */ = {
			isa = XCRemoteSwiftPackageReference;
			repositoryURL = "https://github.com/firebase/firebase-ios-sdk";
			requirement = {
				kind = upToNextMajorVersion;
				minimumVersion = 9.0.0;
			};
		};
/* End XCRemoteSwiftPackageReference section */

/* Begin XCSwiftPackageProductDependency section */
		4A19C74B2A3C34BD00E60C6D /* FirebaseAnalytics */ = {
			isa = XCSwiftPackageProductDependency;
			package = 4A19C74A2A3C34BD00E60C6D /* XCRemoteSwiftPackageReference "firebase-ios-sdk" */;
			productName = FirebaseAnalytics;
		};
		4A19C74D2A3C34BD00E60C6D /* FirebaseAnalyticsOnDeviceConversion */ = {
			isa = XCSwiftPackageProductDependency;
			package = 4A19C74A2A3C34BD00E60C6D /* XCRemoteSwiftPackageReference "firebase-ios-sdk" */;
			productName = FirebaseAnalyticsOnDeviceConversion;
		};
		4A19C74F2A3C34BD00E60C6D /* FirebaseAnalyticsSwift */ = {
			isa = XCSwiftPackageProductDependency;
			package = 4A19C74A2A3C34BD00E60C6D /* XCRemoteSwiftPackageReference "firebase-ios-sdk" */;
			productName = FirebaseAnalyticsSwift;
		};
		4A19C7512A3C34BD00E60C6D /* FirebaseAnalyticsWithoutAdIdSupport */ = {
			isa = XCSwiftPackageProductDependency;
			package = 4A19C74A2A3C34BD00E60C6D /* XCRemoteSwiftPackageReference "firebase-ios-sdk" */;
			productName = FirebaseAnalyticsWithoutAdIdSupport;
		};
		4A19C7532A3C34BD00E60C6D /* FirebaseAppCheck */ = {
			isa = XCSwiftPackageProductDependency;
			package = 4A19C74A2A3C34BD00E60C6D /* XCRemoteSwiftPackageReference "firebase-ios-sdk" */;
			productName = FirebaseAppCheck;
		};
		4A19C7552A3C34BD00E60C6D /* FirebaseAppDistribution-Beta */ = {
			isa = XCSwiftPackageProductDependency;
			package = 4A19C74A2A3C34BD00E60C6D /* XCRemoteSwiftPackageReference "firebase-ios-sdk" */;
			productName = "FirebaseAppDistribution-Beta";
		};
		4A19C7572A3C34BD00E60C6D /* FirebaseAuth */ = {
			isa = XCSwiftPackageProductDependency;
			package = 4A19C74A2A3C34BD00E60C6D /* XCRemoteSwiftPackageReference "firebase-ios-sdk" */;
			productName = FirebaseAuth;
		};
		4A19C7592A3C34BD00E60C6D /* FirebaseAuthCombine-Community */ = {
			isa = XCSwiftPackageProductDependency;
			package = 4A19C74A2A3C34BD00E60C6D /* XCRemoteSwiftPackageReference "firebase-ios-sdk" */;
			productName = "FirebaseAuthCombine-Community";
		};
		4A19C75B2A3C34BD00E60C6D /* FirebaseCrashlytics */ = {
			isa = XCSwiftPackageProductDependency;
			package = 4A19C74A2A3C34BD00E60C6D /* XCRemoteSwiftPackageReference "firebase-ios-sdk" */;
			productName = FirebaseCrashlytics;
		};
		4A19C75D2A3C34BD00E60C6D /* FirebaseDatabase */ = {
			isa = XCSwiftPackageProductDependency;
			package = 4A19C74A2A3C34BD00E60C6D /* XCRemoteSwiftPackageReference "firebase-ios-sdk" */;
			productName = FirebaseDatabase;
		};
		4A19C75F2A3C34BD00E60C6D /* FirebaseDatabaseSwift */ = {
			isa = XCSwiftPackageProductDependency;
			package = 4A19C74A2A3C34BD00E60C6D /* XCRemoteSwiftPackageReference "firebase-ios-sdk" */;
			productName = FirebaseDatabaseSwift;
		};
		4A19C7612A3C34BD00E60C6D /* FirebaseDynamicLinks */ = {
			isa = XCSwiftPackageProductDependency;
			package = 4A19C74A2A3C34BD00E60C6D /* XCRemoteSwiftPackageReference "firebase-ios-sdk" */;
			productName = FirebaseDynamicLinks;
		};
		4A19C7632A3C34BD00E60C6D /* FirebaseFirestore */ = {
			isa = XCSwiftPackageProductDependency;
			package = 4A19C74A2A3C34BD00E60C6D /* XCRemoteSwiftPackageReference "firebase-ios-sdk" */;
			productName = FirebaseFirestore;
		};
		4A19C7652A3C34BD00E60C6D /* FirebaseFirestoreCombine-Community */ = {
			isa = XCSwiftPackageProductDependency;
			package = 4A19C74A2A3C34BD00E60C6D /* XCRemoteSwiftPackageReference "firebase-ios-sdk" */;
			productName = "FirebaseFirestoreCombine-Community";
		};
		4A19C7672A3C34BD00E60C6D /* FirebaseFirestoreSwift */ = {
			isa = XCSwiftPackageProductDependency;
			package = 4A19C74A2A3C34BD00E60C6D /* XCRemoteSwiftPackageReference "firebase-ios-sdk" */;
			productName = FirebaseFirestoreSwift;
		};
		4A19C7692A3C34BD00E60C6D /* FirebaseFunctions */ = {
			isa = XCSwiftPackageProductDependency;
			package = 4A19C74A2A3C34BD00E60C6D /* XCRemoteSwiftPackageReference "firebase-ios-sdk" */;
			productName = FirebaseFunctions;
		};
		4A19C76B2A3C34BD00E60C6D /* FirebaseFunctionsCombine-Community */ = {
			isa = XCSwiftPackageProductDependency;
			package = 4A19C74A2A3C34BD00E60C6D /* XCRemoteSwiftPackageReference "firebase-ios-sdk" */;
			productName = "FirebaseFunctionsCombine-Community";
		};
		4A19C76D2A3C34BD00E60C6D /* FirebaseInAppMessaging-Beta */ = {
			isa = XCSwiftPackageProductDependency;
			package = 4A19C74A2A3C34BD00E60C6D /* XCRemoteSwiftPackageReference "firebase-ios-sdk" */;
			productName = "FirebaseInAppMessaging-Beta";
		};
		4A19C76F2A3C34BD00E60C6D /* FirebaseInAppMessagingSwift-Beta */ = {
			isa = XCSwiftPackageProductDependency;
			package = 4A19C74A2A3C34BD00E60C6D /* XCRemoteSwiftPackageReference "firebase-ios-sdk" */;
			productName = "FirebaseInAppMessagingSwift-Beta";
		};
		4A19C7712A3C34BD00E60C6D /* FirebaseInstallations */ = {
			isa = XCSwiftPackageProductDependency;
			package = 4A19C74A2A3C34BD00E60C6D /* XCRemoteSwiftPackageReference "firebase-ios-sdk" */;
			productName = FirebaseInstallations;
		};
		4A19C7732A3C34BD00E60C6D /* FirebaseMLModelDownloader */ = {
			isa = XCSwiftPackageProductDependency;
			package = 4A19C74A2A3C34BD00E60C6D /* XCRemoteSwiftPackageReference "firebase-ios-sdk" */;
			productName = FirebaseMLModelDownloader;
		};
		4A19C7752A3C34BD00E60C6D /* FirebaseMessaging */ = {
			isa = XCSwiftPackageProductDependency;
			package = 4A19C74A2A3C34BD00E60C6D /* XCRemoteSwiftPackageReference "firebase-ios-sdk" */;
			productName = FirebaseMessaging;
		};
		4A19C7772A3C34BD00E60C6D /* FirebasePerformance */ = {
			isa = XCSwiftPackageProductDependency;
			package = 4A19C74A2A3C34BD00E60C6D /* XCRemoteSwiftPackageReference "firebase-ios-sdk" */;
			productName = FirebasePerformance;
		};
		4A19C7792A3C34BD00E60C6D /* FirebaseRemoteConfig */ = {
			isa = XCSwiftPackageProductDependency;
			package = 4A19C74A2A3C34BD00E60C6D /* XCRemoteSwiftPackageReference "firebase-ios-sdk" */;
			productName = FirebaseRemoteConfig;
		};
		4A19C77B2A3C34BD00E60C6D /* FirebaseRemoteConfigSwift */ = {
			isa = XCSwiftPackageProductDependency;
			package = 4A19C74A2A3C34BD00E60C6D /* XCRemoteSwiftPackageReference "firebase-ios-sdk" */;
			productName = FirebaseRemoteConfigSwift;
		};
		4A19C77D2A3C34BD00E60C6D /* FirebaseStorage */ = {
			isa = XCSwiftPackageProductDependency;
			package = 4A19C74A2A3C34BD00E60C6D /* XCRemoteSwiftPackageReference "firebase-ios-sdk" */;
			productName = FirebaseStorage;
		};
		4A19C77F2A3C34BD00E60C6D /* FirebaseStorageCombine-Community */ = {
			isa = XCSwiftPackageProductDependency;
			package = 4A19C74A2A3C34BD00E60C6D /* XCRemoteSwiftPackageReference "firebase-ios-sdk" */;
			productName = "FirebaseStorageCombine-Community";
		};
/* End XCSwiftPackageProductDependency section */
	};
	rootObject = 4A47BE282A3B0FF0000AB531 /* Project object */;
}
